{
  "requires": true,
  "lockfileVersion": 1,
  "dependencies": {
    "@types/lodash": {
      "version": "4.14.133",
      "resolved": "https://registry.npmjs.org/@types/lodash/-/lodash-4.14.133.tgz",
      "integrity": "sha512-/3JqnvPnY58GLzG3Y7fpphOhATV1DDZ/Ak3DQufjlRK5E4u+s0CfClfNFtAGBabw+jDGtRFbOZe+Z02ZMWCBNQ=="
    },
    "@types/screeps": {
      "version": "2.5.4",
      "resolved": "https://registry.npmjs.org/@types/screeps/-/screeps-2.5.4.tgz",
      "integrity": "sha512-rhrHSGF0CQAFlxjv1q20n7+jZrokl0nStUm0ZtXrZGQXr6MFCdD7TsQul0OMwSdnS4LuQ+SydW6+JbHKq/uPhQ=="
    }
  }
}
